
Microsoft Visual Studio Solution File, Format Version 12.00
# Visual Studio Version 17
VisualStudioVersion = 17.11.35327.3
MinimumVisualStudioVersion = 10.0.40219.1
Project("{2150E333-8FDC-42A3-9474-1A3956D46DE8}") = "Solution Items", "Solution Items", "{2C6AF5AC-D2CF-4E21-AF11-0C80BE5FA042}"
	ProjectSection(SolutionItems) = preProject
		.gitignore = .gitignore
		Build\Build.Configuration.cs = Build\Build.Configuration.cs
		Readme.md = Readme.md
	EndProjectSection
EndProject
Project("{2150E333-8FDC-42A3-9474-1A3956D46DE8}") = "Automation", "Automation", "{5858850F-CB6B-4D62-8A3C-7FFCBD55AF8C}"
EndProject
Project("{9A19103F-16F7-4668-BE54-9A1E7A4F7556}") = "Build", "build\Build.csproj", "{57AF1202-19FC-401E-9C1C-1C56A59CC304}"
EndProject
Project("{9A19103F-16F7-4668-BE54-9A1E7A4F7556}") = "Installer", "install\Installer.csproj", "{C56A88F1-1607-4F58-AB7B-B8009BF83CF4}"
EndProject
Project("{FAE04EC0-301F-11D3-BF4B-00C04F79EFBC}") = "BeamRebar", "..\BeamRebar\BeamRebar.csproj", "{9E036884-635E-4A47-8869-C5EB6643B749}"
EndProject
Global
	GlobalSection(SolutionConfigurationPlatforms) = preSolution
		Debug R21|Any CPU = Debug R21|Any CPU
		Debug R22|Any CPU = Debug R22|Any CPU
		Debug R23|Any CPU = Debug R23|Any CPU
		Debug R24|Any CPU = Debug R24|Any CPU
		Debug R25|Any CPU = Debug R25|Any CPU
		Debug R26|Any CPU = Debug R26|Any CPU
		Debug|Any CPU = Debug|Any CPU
		Release R21|Any CPU = Release R21|Any CPU
		Release R22|Any CPU = Release R22|Any CPU
		Release R23|Any CPU = Release R23|Any CPU
		Release R24|Any CPU = Release R24|Any CPU
		Release R25|Any CPU = Release R25|Any CPU
		Release R26|Any CPU = Release R26|Any CPU
		Release|Any CPU = Release|Any CPU
	EndGlobalSection
	GlobalSection(ProjectConfigurationPlatforms) = postSolution
		{57AF1202-19FC-401E-9C1C-1C56A59CC304}.Debug R21|Any CPU.ActiveCfg = Debug|Any CPU
		{57AF1202-19FC-401E-9C1C-1C56A59CC304}.Debug R22|Any CPU.ActiveCfg = Debug|Any CPU
		{57AF1202-19FC-401E-9C1C-1C56A59CC304}.Debug R23|Any CPU.ActiveCfg = Debug|Any CPU
		{57AF1202-19FC-401E-9C1C-1C56A59CC304}.Debug R24|Any CPU.ActiveCfg = Debug|Any CPU
		{57AF1202-19FC-401E-9C1C-1C56A59CC304}.Debug R25|Any CPU.ActiveCfg = Debug|Any CPU
		{57AF1202-19FC-401E-9C1C-1C56A59CC304}.Debug R26|Any CPU.ActiveCfg = Debug|Any CPU
		{57AF1202-19FC-401E-9C1C-1C56A59CC304}.Debug|Any CPU.ActiveCfg = Debug|Any CPU
		{57AF1202-19FC-401E-9C1C-1C56A59CC304}.Debug|Any CPU.Build.0 = Debug|Any CPU
		{57AF1202-19FC-401E-9C1C-1C56A59CC304}.Release R21|Any CPU.ActiveCfg = Release|Any CPU
		{57AF1202-19FC-401E-9C1C-1C56A59CC304}.Release R22|Any CPU.ActiveCfg = Release|Any CPU
		{57AF1202-19FC-401E-9C1C-1C56A59CC304}.Release R23|Any CPU.ActiveCfg = Release|Any CPU
		{57AF1202-19FC-401E-9C1C-1C56A59CC304}.Release R24|Any CPU.ActiveCfg = Release|Any CPU
		{57AF1202-19FC-401E-9C1C-1C56A59CC304}.Release R25|Any CPU.ActiveCfg = Release|Any CPU
		{57AF1202-19FC-401E-9C1C-1C56A59CC304}.Release R26|Any CPU.ActiveCfg = Release|Any CPU
		{57AF1202-19FC-401E-9C1C-1C56A59CC304}.Release|Any CPU.ActiveCfg = Release|Any CPU
		{57AF1202-19FC-401E-9C1C-1C56A59CC304}.Release|Any CPU.Build.0 = Release|Any CPU
		{C56A88F1-1607-4F58-AB7B-B8009BF83CF4}.Debug R21|Any CPU.ActiveCfg = Debug|Any CPU
		{C56A88F1-1607-4F58-AB7B-B8009BF83CF4}.Debug R22|Any CPU.ActiveCfg = Debug|Any CPU
		{C56A88F1-1607-4F58-AB7B-B8009BF83CF4}.Debug R23|Any CPU.ActiveCfg = Debug|Any CPU
		{C56A88F1-1607-4F58-AB7B-B8009BF83CF4}.Debug R24|Any CPU.ActiveCfg = Debug|Any CPU
		{C56A88F1-1607-4F58-AB7B-B8009BF83CF4}.Debug R25|Any CPU.ActiveCfg = Debug|Any CPU
		{C56A88F1-1607-4F58-AB7B-B8009BF83CF4}.Debug R26|Any CPU.ActiveCfg = Debug|Any CPU
		{C56A88F1-1607-4F58-AB7B-B8009BF83CF4}.Debug|Any CPU.ActiveCfg = Debug|Any CPU
		{C56A88F1-1607-4F58-AB7B-B8009BF83CF4}.Debug|Any CPU.Build.0 = Debug|Any CPU
		{C56A88F1-1607-4F58-AB7B-B8009BF83CF4}.Release R21|Any CPU.ActiveCfg = Release|Any CPU
		{C56A88F1-1607-4F58-AB7B-B8009BF83CF4}.Release R22|Any CPU.ActiveCfg = Release|Any CPU
		{C56A88F1-1607-4F58-AB7B-B8009BF83CF4}.Release R23|Any CPU.ActiveCfg = Release|Any CPU
		{C56A88F1-1607-4F58-AB7B-B8009BF83CF4}.Release R24|Any CPU.ActiveCfg = Release|Any CPU
		{C56A88F1-1607-4F58-AB7B-B8009BF83CF4}.Release R25|Any CPU.ActiveCfg = Release|Any CPU
		{C56A88F1-1607-4F58-AB7B-B8009BF83CF4}.Release R26|Any CPU.ActiveCfg = Release|Any CPU
		{C56A88F1-1607-4F58-AB7B-B8009BF83CF4}.Release|Any CPU.ActiveCfg = Release|Any CPU
		{C56A88F1-1607-4F58-AB7B-B8009BF83CF4}.Release|Any CPU.Build.0 = Release|Any CPU
		{9E036884-635E-4A47-8869-C5EB6643B749}.Debug R21|Any CPU.ActiveCfg = Debug R21|Any CPU
		{9E036884-635E-4A47-8869-C5EB6643B749}.Debug R21|Any CPU.Build.0 = Debug R21|Any CPU
		{9E036884-635E-4A47-8869-C5EB6643B749}.Debug R22|Any CPU.ActiveCfg = Debug R22|Any CPU
		{9E036884-635E-4A47-8869-C5EB6643B749}.Debug R22|Any CPU.Build.0 = Debug R22|Any CPU
		{9E036884-635E-4A47-8869-C5EB6643B749}.Debug R23|Any CPU.ActiveCfg = Debug R23|Any CPU
		{9E036884-635E-4A47-8869-C5EB6643B749}.Debug R23|Any CPU.Build.0 = Debug R23|Any CPU
		{9E036884-635E-4A47-8869-C5EB6643B749}.Debug R24|Any CPU.ActiveCfg = Debug R24|Any CPU
		{9E036884-635E-4A47-8869-C5EB6643B749}.Debug R24|Any CPU.Build.0 = Debug R24|Any CPU
		{9E036884-635E-4A47-8869-C5EB6643B749}.Debug R25|Any CPU.ActiveCfg = Debug R25|Any CPU
		{9E036884-635E-4A47-8869-C5EB6643B749}.Debug R25|Any CPU.Build.0 = Debug R25|Any CPU
		{9E036884-635E-4A47-8869-C5EB6643B749}.Debug R26|Any CPU.ActiveCfg = Debug R26|Any CPU
		{9E036884-635E-4A47-8869-C5EB6643B749}.Debug R26|Any CPU.Build.0 = Debug R26|Any CPU
		{9E036884-635E-4A47-8869-C5EB6643B749}.Debug|Any CPU.ActiveCfg = Debug R21|Any CPU
		{9E036884-635E-4A47-8869-C5EB6643B749}.Debug|Any CPU.Build.0 = Debug R21|Any CPU
		{9E036884-635E-4A47-8869-C5EB6643B749}.Release R21|Any CPU.ActiveCfg = Release R21|Any CPU
		{9E036884-635E-4A47-8869-C5EB6643B749}.Release R21|Any CPU.Build.0 = Release R21|Any CPU
		{9E036884-635E-4A47-8869-C5EB6643B749}.Release R22|Any CPU.ActiveCfg = Release R22|Any CPU
		{9E036884-635E-4A47-8869-C5EB6643B749}.Release R22|Any CPU.Build.0 = Release R22|Any CPU
		{9E036884-635E-4A47-8869-C5EB6643B749}.Release R23|Any CPU.ActiveCfg = Release R23|Any CPU
		{9E036884-635E-4A47-8869-C5EB6643B749}.Release R23|Any CPU.Build.0 = Release R23|Any CPU
		{9E036884-635E-4A47-8869-C5EB6643B749}.Release R24|Any CPU.ActiveCfg = Release R24|Any CPU
		{9E036884-635E-4A47-8869-C5EB6643B749}.Release R24|Any CPU.Build.0 = Release R24|Any CPU
		{9E036884-635E-4A47-8869-C5EB6643B749}.Release R25|Any CPU.ActiveCfg = Release R25|Any CPU
		{9E036884-635E-4A47-8869-C5EB6643B749}.Release R25|Any CPU.Build.0 = Release R25|Any CPU
		{9E036884-635E-4A47-8869-C5EB6643B749}.Release R26|Any CPU.ActiveCfg = Release R26|Any CPU
		{9E036884-635E-4A47-8869-C5EB6643B749}.Release R26|Any CPU.Build.0 = Release R26|Any CPU
		{9E036884-635E-4A47-8869-C5EB6643B749}.Release|Any CPU.ActiveCfg = Release R21|Any CPU
		{9E036884-635E-4A47-8869-C5EB6643B749}.Release|Any CPU.Build.0 = Release R21|Any CPU
	EndGlobalSection
	GlobalSection(SolutionProperties) = preSolution
		HideSolutionNode = FALSE
	EndGlobalSection
	GlobalSection(NestedProjects) = preSolution
		{57AF1202-19FC-401E-9C1C-1C56A59CC304} = {5858850F-CB6B-4D62-8A3C-7FFCBD55AF8C}
		{C56A88F1-1607-4F58-AB7B-B8009BF83CF4} = {5858850F-CB6B-4D62-8A3C-7FFCBD55AF8C}
		{9E036884-635E-4A47-8869-C5EB6643B749} = {2C6AF5AC-D2CF-4E21-AF11-0C80BE5FA042}
	EndGlobalSection
	GlobalSection(ExtensibilityGlobals) = postSolution
		SolutionGuid = {8913EB70-F54D-4D7C-8F6A-1672ACE5660A}
	EndGlobalSection
EndGlobal
