
Microsoft Visual Studio Solution File, Format Version 12.00
# Visual Studio Version 17
VisualStudioVersion = 17.11.35327.3
MinimumVisualStudioVersion = 10.0.40219.1
Project("{2150E333-8FDC-42A3-9474-1A3956D46DE8}") = "Automation", "Automation", "{5858850F-CB6B-4D62-8A3C-7FFCBD55AF8C}"
EndProject
Project("{9A19103F-16F7-4668-BE54-9A1E7A4F7556}") = "Build", "build\Build.csproj", "{57AF1202-19FC-401E-9C1C-1C56A59CC304}"
EndProject
Project("{9A19103F-16F7-4668-BE54-9A1E7A4F7556}") = "Installer", "install\Installer.csproj", "{C56A88F1-1607-4F58-AB7B-B8009BF83CF4}"
EndProject
Project("{9A19103F-16F7-4668-BE54-9A1E7A4F7556}") = "BimSpeedStructureBeamDesign", "..\BimSpeedStructureBeamDesign\BimSpeedStructureBeamDesign.csproj", "{BC7586AE-B025-449F-BAF5-60B1661819EB}"
EndProject
Global
	GlobalSection(SolutionConfigurationPlatforms) = preSolution
		Debug R18|Any CPU = Debug R18|Any CPU
		Debug R20|Any CPU = Debug R20|Any CPU
		Debug R21|Any CPU = Debug R21|Any CPU
		Debug R22|Any CPU = Debug R22|Any CPU
		Debug R23|Any CPU = Debug R23|Any CPU
		Debug R24|Any CPU = Debug R24|Any CPU
		Debug R25|Any CPU = Debug R25|Any CPU
		Debug R26|Any CPU = Debug R26|Any CPU
		Debug|Any CPU = Debug|Any CPU
		Release R18|Any CPU = Release R18|Any CPU
		Release R19|Any CPU = Release R19|Any CPU
		Release R20|Any CPU = Release R20|Any CPU
		Release R21|Any CPU = Release R21|Any CPU
		Release R22|Any CPU = Release R22|Any CPU
		Release R23|Any CPU = Release R23|Any CPU
		Release R24|Any CPU = Release R24|Any CPU
		Release R25|Any CPU = Release R25|Any CPU
		Release R26|Any CPU = Release R26|Any CPU
		Release|Any CPU = Release|Any CPU
	EndGlobalSection
	GlobalSection(ProjectConfigurationPlatforms) = postSolution
		{57AF1202-19FC-401E-9C1C-1C56A59CC304}.Debug R18|Any CPU.ActiveCfg = Debug|Any CPU
		{57AF1202-19FC-401E-9C1C-1C56A59CC304}.Debug R18|Any CPU.Build.0 = Debug|Any CPU
		{57AF1202-19FC-401E-9C1C-1C56A59CC304}.Debug R20|Any CPU.ActiveCfg = Debug|Any CPU
		{57AF1202-19FC-401E-9C1C-1C56A59CC304}.Debug R20|Any CPU.Build.0 = Debug|Any CPU
		{57AF1202-19FC-401E-9C1C-1C56A59CC304}.Debug R21|Any CPU.ActiveCfg = Debug|Any CPU
		{57AF1202-19FC-401E-9C1C-1C56A59CC304}.Debug R22|Any CPU.ActiveCfg = Debug|Any CPU
		{57AF1202-19FC-401E-9C1C-1C56A59CC304}.Debug R23|Any CPU.ActiveCfg = Debug|Any CPU
		{57AF1202-19FC-401E-9C1C-1C56A59CC304}.Debug R24|Any CPU.ActiveCfg = Debug|Any CPU
		{57AF1202-19FC-401E-9C1C-1C56A59CC304}.Debug R25|Any CPU.ActiveCfg = Debug|Any CPU
		{57AF1202-19FC-401E-9C1C-1C56A59CC304}.Debug R26|Any CPU.ActiveCfg = Debug|Any CPU
		{57AF1202-19FC-401E-9C1C-1C56A59CC304}.Debug|Any CPU.ActiveCfg = Debug|Any CPU
		{57AF1202-19FC-401E-9C1C-1C56A59CC304}.Debug|Any CPU.Build.0 = Debug|Any CPU
		{57AF1202-19FC-401E-9C1C-1C56A59CC304}.Release R18|Any CPU.ActiveCfg = Release|Any CPU
		{57AF1202-19FC-401E-9C1C-1C56A59CC304}.Release R18|Any CPU.Build.0 = Release|Any CPU
		{57AF1202-19FC-401E-9C1C-1C56A59CC304}.Release R19|Any CPU.ActiveCfg = Release|Any CPU
		{57AF1202-19FC-401E-9C1C-1C56A59CC304}.Release R19|Any CPU.Build.0 = Release|Any CPU
		{57AF1202-19FC-401E-9C1C-1C56A59CC304}.Release R20|Any CPU.ActiveCfg = Release|Any CPU
		{57AF1202-19FC-401E-9C1C-1C56A59CC304}.Release R20|Any CPU.Build.0 = Release|Any CPU
		{57AF1202-19FC-401E-9C1C-1C56A59CC304}.Release R21|Any CPU.ActiveCfg = Release|Any CPU
		{57AF1202-19FC-401E-9C1C-1C56A59CC304}.Release R22|Any CPU.ActiveCfg = Release|Any CPU
		{57AF1202-19FC-401E-9C1C-1C56A59CC304}.Release R23|Any CPU.ActiveCfg = Release|Any CPU
		{57AF1202-19FC-401E-9C1C-1C56A59CC304}.Release R24|Any CPU.ActiveCfg = Release|Any CPU
		{57AF1202-19FC-401E-9C1C-1C56A59CC304}.Release R25|Any CPU.ActiveCfg = Release|Any CPU
		{57AF1202-19FC-401E-9C1C-1C56A59CC304}.Release R26|Any CPU.ActiveCfg = Release|Any CPU
		{57AF1202-19FC-401E-9C1C-1C56A59CC304}.Release|Any CPU.ActiveCfg = Release|Any CPU
		{57AF1202-19FC-401E-9C1C-1C56A59CC304}.Release|Any CPU.Build.0 = Release|Any CPU
		{C56A88F1-1607-4F58-AB7B-B8009BF83CF4}.Debug R18|Any CPU.ActiveCfg = Debug|Any CPU
		{C56A88F1-1607-4F58-AB7B-B8009BF83CF4}.Debug R18|Any CPU.Build.0 = Debug|Any CPU
		{C56A88F1-1607-4F58-AB7B-B8009BF83CF4}.Debug R20|Any CPU.ActiveCfg = Debug|Any CPU
		{C56A88F1-1607-4F58-AB7B-B8009BF83CF4}.Debug R20|Any CPU.Build.0 = Debug|Any CPU
		{C56A88F1-1607-4F58-AB7B-B8009BF83CF4}.Debug R21|Any CPU.ActiveCfg = Debug|Any CPU
		{C56A88F1-1607-4F58-AB7B-B8009BF83CF4}.Debug R22|Any CPU.ActiveCfg = Debug|Any CPU
		{C56A88F1-1607-4F58-AB7B-B8009BF83CF4}.Debug R23|Any CPU.ActiveCfg = Debug|Any CPU
		{C56A88F1-1607-4F58-AB7B-B8009BF83CF4}.Debug R24|Any CPU.ActiveCfg = Debug|Any CPU
		{C56A88F1-1607-4F58-AB7B-B8009BF83CF4}.Debug R25|Any CPU.ActiveCfg = Debug|Any CPU
		{C56A88F1-1607-4F58-AB7B-B8009BF83CF4}.Debug R26|Any CPU.ActiveCfg = Debug|Any CPU
		{C56A88F1-1607-4F58-AB7B-B8009BF83CF4}.Debug|Any CPU.ActiveCfg = Debug|Any CPU
		{C56A88F1-1607-4F58-AB7B-B8009BF83CF4}.Debug|Any CPU.Build.0 = Debug|Any CPU
		{C56A88F1-1607-4F58-AB7B-B8009BF83CF4}.Release R18|Any CPU.ActiveCfg = Release|Any CPU
		{C56A88F1-1607-4F58-AB7B-B8009BF83CF4}.Release R18|Any CPU.Build.0 = Release|Any CPU
		{C56A88F1-1607-4F58-AB7B-B8009BF83CF4}.Release R19|Any CPU.ActiveCfg = Release|Any CPU
		{C56A88F1-1607-4F58-AB7B-B8009BF83CF4}.Release R19|Any CPU.Build.0 = Release|Any CPU
		{C56A88F1-1607-4F58-AB7B-B8009BF83CF4}.Release R20|Any CPU.ActiveCfg = Release|Any CPU
		{C56A88F1-1607-4F58-AB7B-B8009BF83CF4}.Release R20|Any CPU.Build.0 = Release|Any CPU
		{C56A88F1-1607-4F58-AB7B-B8009BF83CF4}.Release R21|Any CPU.ActiveCfg = Release|Any CPU
		{C56A88F1-1607-4F58-AB7B-B8009BF83CF4}.Release R22|Any CPU.ActiveCfg = Release|Any CPU
		{C56A88F1-1607-4F58-AB7B-B8009BF83CF4}.Release R23|Any CPU.ActiveCfg = Release|Any CPU
		{C56A88F1-1607-4F58-AB7B-B8009BF83CF4}.Release R24|Any CPU.ActiveCfg = Release|Any CPU
		{C56A88F1-1607-4F58-AB7B-B8009BF83CF4}.Release R25|Any CPU.ActiveCfg = Release|Any CPU
		{C56A88F1-1607-4F58-AB7B-B8009BF83CF4}.Release R26|Any CPU.ActiveCfg = Release|Any CPU
		{C56A88F1-1607-4F58-AB7B-B8009BF83CF4}.Release|Any CPU.ActiveCfg = Release|Any CPU
		{C56A88F1-1607-4F58-AB7B-B8009BF83CF4}.Release|Any CPU.Build.0 = Release|Any CPU
		{BC7586AE-B025-449F-BAF5-60B1661819EB}.Debug R18|Any CPU.ActiveCfg = Debug R18|Any CPU
		{BC7586AE-B025-449F-BAF5-60B1661819EB}.Debug R18|Any CPU.Build.0 = Debug R18|Any CPU
		{BC7586AE-B025-449F-BAF5-60B1661819EB}.Debug R20|Any CPU.ActiveCfg = Debug R20|Any CPU
		{BC7586AE-B025-449F-BAF5-60B1661819EB}.Debug R20|Any CPU.Build.0 = Debug R20|Any CPU
		{BC7586AE-B025-449F-BAF5-60B1661819EB}.Debug R21|Any CPU.ActiveCfg = Debug R21|Any CPU
		{BC7586AE-B025-449F-BAF5-60B1661819EB}.Debug R21|Any CPU.Build.0 = Debug R21|Any CPU
		{BC7586AE-B025-449F-BAF5-60B1661819EB}.Debug R22|Any CPU.ActiveCfg = Debug R22|Any CPU
		{BC7586AE-B025-449F-BAF5-60B1661819EB}.Debug R22|Any CPU.Build.0 = Debug R22|Any CPU
		{BC7586AE-B025-449F-BAF5-60B1661819EB}.Debug R23|Any CPU.ActiveCfg = Debug R23|Any CPU
		{BC7586AE-B025-449F-BAF5-60B1661819EB}.Debug R23|Any CPU.Build.0 = Debug R23|Any CPU
		{BC7586AE-B025-449F-BAF5-60B1661819EB}.Debug R24|Any CPU.ActiveCfg = Debug R24|Any CPU
		{BC7586AE-B025-449F-BAF5-60B1661819EB}.Debug R24|Any CPU.Build.0 = Debug R24|Any CPU
		{BC7586AE-B025-449F-BAF5-60B1661819EB}.Debug R25|Any CPU.ActiveCfg = Debug R25|Any CPU
		{BC7586AE-B025-449F-BAF5-60B1661819EB}.Debug R25|Any CPU.Build.0 = Debug R25|Any CPU
		{BC7586AE-B025-449F-BAF5-60B1661819EB}.Debug R26|Any CPU.ActiveCfg = Debug R26|Any CPU
		{BC7586AE-B025-449F-BAF5-60B1661819EB}.Debug R26|Any CPU.Build.0 = Debug R26|Any CPU
		{BC7586AE-B025-449F-BAF5-60B1661819EB}.Debug|Any CPU.ActiveCfg = Debug R18|Any CPU
		{BC7586AE-B025-449F-BAF5-60B1661819EB}.Debug|Any CPU.Build.0 = Debug R18|Any CPU
		{BC7586AE-B025-449F-BAF5-60B1661819EB}.Release R18|Any CPU.ActiveCfg = Release R18|Any CPU
		{BC7586AE-B025-449F-BAF5-60B1661819EB}.Release R18|Any CPU.Build.0 = Release R18|Any CPU
		{BC7586AE-B025-449F-BAF5-60B1661819EB}.Release R19|Any CPU.ActiveCfg = Release R19|Any CPU
		{BC7586AE-B025-449F-BAF5-60B1661819EB}.Release R19|Any CPU.Build.0 = Release R19|Any CPU
		{BC7586AE-B025-449F-BAF5-60B1661819EB}.Release R20|Any CPU.ActiveCfg = Release R20|Any CPU
		{BC7586AE-B025-449F-BAF5-60B1661819EB}.Release R20|Any CPU.Build.0 = Release R20|Any CPU
		{BC7586AE-B025-449F-BAF5-60B1661819EB}.Release R21|Any CPU.ActiveCfg = Release R21|Any CPU
		{BC7586AE-B025-449F-BAF5-60B1661819EB}.Release R21|Any CPU.Build.0 = Release R21|Any CPU
		{BC7586AE-B025-449F-BAF5-60B1661819EB}.Release R22|Any CPU.ActiveCfg = Release R22|Any CPU
		{BC7586AE-B025-449F-BAF5-60B1661819EB}.Release R22|Any CPU.Build.0 = Release R22|Any CPU
		{BC7586AE-B025-449F-BAF5-60B1661819EB}.Release R23|Any CPU.ActiveCfg = Release R23|Any CPU
		{BC7586AE-B025-449F-BAF5-60B1661819EB}.Release R23|Any CPU.Build.0 = Release R23|Any CPU
		{BC7586AE-B025-449F-BAF5-60B1661819EB}.Release R24|Any CPU.ActiveCfg = Release R24|Any CPU
		{BC7586AE-B025-449F-BAF5-60B1661819EB}.Release R24|Any CPU.Build.0 = Release R24|Any CPU
		{BC7586AE-B025-449F-BAF5-60B1661819EB}.Release R25|Any CPU.ActiveCfg = Release R25|Any CPU
		{BC7586AE-B025-449F-BAF5-60B1661819EB}.Release R25|Any CPU.Build.0 = Release R25|Any CPU
		{BC7586AE-B025-449F-BAF5-60B1661819EB}.Release R26|Any CPU.ActiveCfg = Release R26|Any CPU
		{BC7586AE-B025-449F-BAF5-60B1661819EB}.Release R26|Any CPU.Build.0 = Release R26|Any CPU
		{BC7586AE-B025-449F-BAF5-60B1661819EB}.Release|Any CPU.ActiveCfg = Release R20|Any CPU
		{BC7586AE-B025-449F-BAF5-60B1661819EB}.Release|Any CPU.Build.0 = Release R20|Any CPU
	EndGlobalSection
	GlobalSection(SolutionProperties) = preSolution
		HideSolutionNode = FALSE
	EndGlobalSection
	GlobalSection(NestedProjects) = preSolution
		{57AF1202-19FC-401E-9C1C-1C56A59CC304} = {5858850F-CB6B-4D62-8A3C-7FFCBD55AF8C}
		{C56A88F1-1607-4F58-AB7B-B8009BF83CF4} = {5858850F-CB6B-4D62-8A3C-7FFCBD55AF8C}
		{BC7586AE-B025-449F-BAF5-60B1661819EB} = {5858850F-CB6B-4D62-8A3C-7FFCBD55AF8C}
	EndGlobalSection
	GlobalSection(ExtensibilityGlobals) = postSolution
		SolutionGuid = {8913EB70-F54D-4D7C-8F6A-1672ACE5660A}
	EndGlobalSection
EndGlobal
